{
  "plugin_type": "extractors",
  "name": "tap-spreadsheets-anywhere",
  "namespace": "tap_spreadsheets_anywhere",
  "variant": "mashey",
  "label": "Spreadsheets Anywhere",
  "docs": "https://hub.meltano.com/extractors/tap-spreadsheets-anywhere--mashey",
  "repo": "https://github.com/Mashey/tap-spreadsheets-anywhere",
  "pip_url": "git+https://github.com/Mashey/tap-spreadsheets-anywhere.git",
  "description": "Data extractor for CSV and Excel files from any smart_open supported transport (S3, SFTP, localhost, etc...)",
  "logo_url": "https://hub.meltano.com/assets/logos/extractors/spreadsheets-anywhere.png",
  "capabilities": [
    "catalog",
    "discover"
  ]
}
